
Microsoft Visual Studio Solution File, Format Version 12.00
# Visual Studio Version 16
VisualStudioVersion = 16.0.30128.74
MinimumVisualStudioVersion = 10.0.40219.1
Project("{9A19103F-16F7-4668-BE54-9A1E7A4F7556}") = "GoBarber.Application", "src\api\GoBarber.Application\GoBarber.Application.csproj", "{47346B2E-89B7-458E-9CC2-816803EC16BC}"
EndProject
Project("{9A19103F-16F7-4668-BE54-9A1E7A4F7556}") = "GoBarber.CrossCutting", "src\api\GoBarber.CrossCutting\GoBarber.CrossCutting.csproj", "{2C2F68CE-D285-4E92-B2B1-EEB2A6A219A7}"
EndProject
Project("{9A19103F-16F7-4668-BE54-9A1E7A4F7556}") = "GoBarber.Data", "src\api\GoBarber.Data\GoBarber.Data.csproj", "{1E4C598B-9965-4911-85AB-B2F978D7B6AA}"
EndProject
Project("{9A19103F-16F7-4668-BE54-9A1E7A4F7556}") = "GoBarber.Domain", "src\api\GoBarber.Domain\GoBarber.Domain.csproj", "{DBFA54B7-F9E1-4157-AAA0-143A34B87F81}"
EndProject
Project("{9A19103F-16F7-4668-BE54-9A1E7A4F7556}") = "GoBarber.Service", "src\api\GoBarber.Service\GoBarber.Service.csproj", "{7767FABC-9722-4ABC-8F53-31C6B133390C}"
EndProject
Project("{9A19103F-16F7-4668-BE54-9A1E7A4F7556}") = "GoBarber.UnitTest", "src\tests\GoBarber.UnitTest\GoBarber.UnitTest.csproj", "{4CA4242F-733A-419B-9C71-6880CE4AE912}"
EndProject
Global
	GlobalSection(SolutionConfigurationPlatforms) = preSolution
		Debug|Any CPU = Debug|Any CPU
		Release|Any CPU = Release|Any CPU
	EndGlobalSection
	GlobalSection(ProjectConfigurationPlatforms) = postSolution
		{47346B2E-89B7-458E-9CC2-816803EC16BC}.Debug|Any CPU.ActiveCfg = Debug|Any CPU
		{47346B2E-89B7-458E-9CC2-816803EC16BC}.Debug|Any CPU.Build.0 = Debug|Any CPU
		{47346B2E-89B7-458E-9CC2-816803EC16BC}.Release|Any CPU.ActiveCfg = Release|Any CPU
		{47346B2E-89B7-458E-9CC2-816803EC16BC}.Release|Any CPU.Build.0 = Release|Any CPU
		{2C2F68CE-D285-4E92-B2B1-EEB2A6A219A7}.Debug|Any CPU.ActiveCfg = Debug|Any CPU
		{2C2F68CE-D285-4E92-B2B1-EEB2A6A219A7}.Debug|Any CPU.Build.0 = Debug|Any CPU
		{2C2F68CE-D285-4E92-B2B1-EEB2A6A219A7}.Release|Any CPU.ActiveCfg = Release|Any CPU
		{2C2F68CE-D285-4E92-B2B1-EEB2A6A219A7}.Release|Any CPU.Build.0 = Release|Any CPU
		{1E4C598B-9965-4911-85AB-B2F978D7B6AA}.Debug|Any CPU.ActiveCfg = Debug|Any CPU
		{1E4C598B-9965-4911-85AB-B2F978D7B6AA}.Debug|Any CPU.Build.0 = Debug|Any CPU
		{1E4C598B-9965-4911-85AB-B2F978D7B6AA}.Release|Any CPU.ActiveCfg = Release|Any CPU
		{1E4C598B-9965-4911-85AB-B2F978D7B6AA}.Release|Any CPU.Build.0 = Release|Any CPU
		{DBFA54B7-F9E1-4157-AAA0-143A34B87F81}.Debug|Any CPU.ActiveCfg = Debug|Any CPU
		{DBFA54B7-F9E1-4157-AAA0-143A34B87F81}.Debug|Any CPU.Build.0 = Debug|Any CPU
		{DBFA54B7-F9E1-4157-AAA0-143A34B87F81}.Release|Any CPU.ActiveCfg = Release|Any CPU
		{DBFA54B7-F9E1-4157-AAA0-143A34B87F81}.Release|Any CPU.Build.0 = Release|Any CPU
		{7767FABC-9722-4ABC-8F53-31C6B133390C}.Debug|Any CPU.ActiveCfg = Debug|Any CPU
		{7767FABC-9722-4ABC-8F53-31C6B133390C}.Debug|Any CPU.Build.0 = Debug|Any CPU
		{7767FABC-9722-4ABC-8F53-31C6B133390C}.Release|Any CPU.ActiveCfg = Release|Any CPU
		{7767FABC-9722-4ABC-8F53-31C6B133390C}.Release|Any CPU.Build.0 = Release|Any CPU
		{4CA4242F-733A-419B-9C71-6880CE4AE912}.Debug|Any CPU.ActiveCfg = Debug|Any CPU
		{4CA4242F-733A-419B-9C71-6880CE4AE912}.Debug|Any CPU.Build.0 = Debug|Any CPU
		{4CA4242F-733A-419B-9C71-6880CE4AE912}.Release|Any CPU.ActiveCfg = Release|Any CPU
		{4CA4242F-733A-419B-9C71-6880CE4AE912}.Release|Any CPU.Build.0 = Release|Any CPU
	EndGlobalSection
	GlobalSection(SolutionProperties) = preSolution
		HideSolutionNode = FALSE
	EndGlobalSection
	GlobalSection(ExtensibilityGlobals) = postSolution
		SolutionGuid = {F4DD47F1-3D43-4B73-8B71-341C5CDFF115}
	EndGlobalSection
EndGlobal
